// !$*UTF8*$!
{
	archiveVersion = 1;
	classes = {
	};
	objectVersion = 77;
	objects = {

/* Begin PBXContainerItemProxy section */
		E99E258F2D4A28A000C4D5C6 /* PBXContainerItemProxy */ = {
			isa = PBXContainerItemProxy;
			containerPortal = E99E256D2D4A289F00C4D5C6 /* Project object */;
			proxyType = 1;
			remoteGlobalIDString = E99E25742D4A289F00C4D5C6;
			remoteInfo = TodoListForJobApplication;
		};
		E99E25992D4A28A000C4D5C6 /* PBXContainerItemProxy */ = {
			isa = PBXContainerItemProxy;
			containerPortal = E99E256D2D4A289F00C4D5C6 /* Project object */;
			proxyType = 1;
			remoteGlobalIDString = E99E25742D4A289F00C4D5C6;
			remoteInfo = TodoListForJobApplication;
		};
/* End PBXContainerItemProxy section */

/* Begin PBXFileReference section */
		E99E25752D4A289F00C4D5C6 /* TodoListForJobApplication.app */ = {isa = PBXFileReference; explicitFileType = wrapper.application; includeInIndex = 0; path = TodoListForJobApplication.app; sourceTree = BUILT_PRODUCTS_DIR; };
		E99E258E2D4A28A000C4D5C6 /* TodoListForJobApplicationTests.xctest */ = {isa = PBXFileReference; explicitFileType = wrapper.cfbundle; includeInIndex = 0; path = TodoListForJobApplicationTests.xctest; sourceTree = BUILT_PRODUCTS_DIR; };
		E99E25982D4A28A000C4D5C6 /* TodoListForJobApplicationUITests.xctest */ = {isa = PBXFileReference; explicitFileType = wrapper.cfbundle; includeInIndex = 0; path = TodoListForJobApplicationUITests.xctest; sourceTree = BUILT_PRODUCTS_DIR; };
/* End PBXFileReference section */

/* Begin PBXFileSystemSynchronizedBuildFileExceptionSet section */
		E99E25A02D4A28A000C4D5C6 /* Exceptions for "TodoListForJobApplication" folder in "TodoListForJobApplication" target */ = {
			isa = PBXFileSystemSynchronizedBuildFileExceptionSet;
			membershipExceptions = (
				Info.plist,
			);
			target = E99E25742D4A289F00C4D5C6 /* TodoListForJobApplication */;
		};
/* End PBXFileSystemSynchronizedBuildFileExceptionSet section */

/* Begin PBXFileSystemSynchronizedRootGroup section */
		E99E25772D4A289F00C4D5C6 /* TodoListForJobApplication */ = {
			isa = PBXFileSystemSynchronizedRootGroup;
			exceptions = (
				E99E25A02D4A28A000C4D5C6 /* Exceptions for "TodoListForJobApplication" folder in "TodoListForJobApplication" target */,
			);
			path = TodoListForJobApplication;
			sourceTree = "<group>";
		};
		E99E25912D4A28A000C4D5C6 /* TodoListForJobApplicationTests */ = {
			isa = PBXFileSystemSynchronizedRootGroup;
			path = TodoListForJobApplicationTests;
			sourceTree = "<group>";
		};
		E99E259B2D4A28A000C4D5C6 /* TodoListForJobApplicationUITests */ = {
			isa = PBXFileSystemSynchronizedRootGroup;
			path = TodoListForJobApplicationUITests;
			sourceTree = "<group>";
		};
/* End PBXFileSystemSynchronizedRootGroup section */

/* Begin PBXFrameworksBuildPhase section */
		E99E25722D4A289F00C4D5C6 /* Frameworks */ = {
			isa = PBXFrameworksBuildPhase;
			buildActionMask = 2147483647;
			files = (
			);
			runOnlyForDeploymentPostprocessing = 0;
		};
		E99E258B2D4A28A000C4D5C6 /* Frameworks */ = {
			isa = PBXFrameworksBuildPhase;
			buildActionMask = 2147483647;
			files = (
			);
			runOnlyForDeploymentPostprocessing = 0;
		};
		E99E25952D4A28A000C4D5C6 /* Frameworks */ = {
			isa = PBXFrameworksBuildPhase;
			buildActionMask = 2147483647;
			files = (
			);
			runOnlyForDeploymentPostprocessing = 0;
		};
/* End PBXFrameworksBuildPhase section */

/* Begin PBXGroup section */
		E99E256C2D4A289F00C4D5C6 = {
			isa = PBXGroup;
			children = (
				E99E25772D4A289F00C4D5C6 /* TodoListForJobApplication */,
				E99E25912D4A28A000C4D5C6 /* TodoListForJobApplicationTests */,
				E99E259B2D4A28A000C4D5C6 /* TodoListForJobApplicationUITests */,
				E99E25762D4A289F00C4D5C6 /* Products */,
			);
			sourceTree = "<group>";
		};
		E99E25762D4A289F00C4D5C6 /* Products */ = {
			isa = PBXGroup;
			children = (
				E99E25752D4A289F00C4D5C6 /* TodoListForJobApplication.app */,
				E99E258E2D4A28A000C4D5C6 /* TodoListForJobApplicationTests.xctest */,
				E99E25982D4A28A000C4D5C6 /* TodoListForJobApplicationUITests.xctest */,
			);
			name = Products;
			sourceTree = "<group>";
		};
/* End PBXGroup section */

/* Begin PBXNativeTarget section */
		E99E25742D4A289F00C4D5C6 /* TodoListForJobApplication */ = {
			isa = PBXNativeTarget;
			buildConfigurationList = E99E25A12D4A28A000C4D5C6 /* Build configuration list for PBXNativeTarget "TodoListForJobApplication" */;
			buildPhases = (
				E99E25712D4A289F00C4D5C6 /* Sources */,
				E99E25722D4A289F00C4D5C6 /* Frameworks */,
				E99E25732D4A289F00C4D5C6 /* Resources */,
			);
			buildRules = (
			);
			dependencies = (
			);
			fileSystemSynchronizedGroups = (
				E99E25772D4A289F00C4D5C6 /* TodoListForJobApplication */,
			);
			name = TodoListForJobApplication;
			packageProductDependencies = (
			);
			productName = TodoListForJobApplication;
			productReference = E99E25752D4A289F00C4D5C6 /* TodoListForJobApplication.app */;
			productType = "com.apple.product-type.application";
		};
		E99E258D2D4A28A000C4D5C6 /* TodoListForJobApplicationTests */ = {
			isa = PBXNativeTarget;
			buildConfigurationList = E99E25A62D4A28A000C4D5C6 /* Build configuration list for PBXNativeTarget "TodoListForJobApplicationTests" */;
			buildPhases = (
				E99E258A2D4A28A000C4D5C6 /* Sources */,
				E99E258B2D4A28A000C4D5C6 /* Frameworks */,
				E99E258C2D4A28A000C4D5C6 /* Resources */,
			);
			buildRules = (
			);
			dependencies = (
				E99E25902D4A28A000C4D5C6 /* PBXTargetDependency */,
			);
			fileSystemSynchronizedGroups = (
				E99E25912D4A28A000C4D5C6 /* TodoListForJobApplicationTests */,
			);
			name = TodoListForJobApplicationTests;
			packageProductDependencies = (
			);
			productName = TodoListForJobApplicationTests;
			productReference = E99E258E2D4A28A000C4D5C6 /* TodoListForJobApplicationTests.xctest */;
			productType = "com.apple.product-type.bundle.unit-test";
		};
		E99E25972D4A28A000C4D5C6 /* TodoListForJobApplicationUITests */ = {
			isa = PBXNativeTarget;
			buildConfigurationList = E99E25A92D4A28A000C4D5C6 /* Build configuration list for PBXNativeTarget "TodoListForJobApplicationUITests" */;
			buildPhases = (
				E99E25942D4A28A000C4D5C6 /* Sources */,
				E99E25952D4A28A000C4D5C6 /* Frameworks */,
				E99E25962D4A28A000C4D5C6 /* Resources */,
			);
			buildRules = (
			);
			dependencies = (
				E99E259A2D4A28A000C4D5C6 /* PBXTargetDependency */,
			);
			fileSystemSynchronizedGroups = (
				E99E259B2D4A28A000C4D5C6 /* TodoListForJobApplicationUITests */,
			);
			name = TodoListForJobApplicationUITests;
			packageProductDependencies = (
			);
			productName = TodoListForJobApplicationUITests;
			productReference = E99E25982D4A28A000C4D5C6 /* TodoListForJobApplicationUITests.xctest */;
			productType = "com.apple.product-type.bundle.ui-testing";
		};
/* End PBXNativeTarget section */

/* Begin PBXProject section */
		E99E256D2D4A289F00C4D5C6 /* Project object */ = {
			isa = PBXProject;
			attributes = {
				BuildIndependentTargetsInParallel = 1;
				LastSwiftUpdateCheck = 1620;
				LastUpgradeCheck = 1620;
				TargetAttributes = {
					E99E25742D4A289F00C4D5C6 = {
						CreatedOnToolsVersion = 16.2;
					};
					E99E258D2D4A28A000C4D5C6 = {
						CreatedOnToolsVersion = 16.2;
						TestTargetID = E99E25742D4A289F00C4D5C6;
					};
					E99E25972D4A28A000C4D5C6 = {
						CreatedOnToolsVersion = 16.2;
						TestTargetID = E99E25742D4A289F00C4D5C6;
					};
				};
			};
			buildConfigurationList = E99E25702D4A289F00C4D5C6 /* Build configuration list for PBXProject "TodoListForJobApplication" */;
			developmentRegion = en;
			hasScannedForEncodings = 0;
			knownRegions = (
				en,
				Base,
			);
			mainGroup = E99E256C2D4A289F00C4D5C6;
			minimizedProjectReferenceProxies = 1;
			preferredProjectObjectVersion = 77;
			productRefGroup = E99E25762D4A289F00C4D5C6 /* Products */;
			projectDirPath = "";
			projectRoot = "";
			targets = (
				E99E25742D4A289F00C4D5C6 /* TodoListForJobApplication */,
				E99E258D2D4A28A000C4D5C6 /* TodoListForJobApplicationTests */,
				E99E25972D4A28A000C4D5C6 /* TodoListForJobApplicationUITests */,
			);
		};
/* End PBXProject section */

/* Begin PBXResourcesBuildPhase section */
		E99E25732D4A289F00C4D5C6 /* Resources */ = {
			isa = PBXResourcesBuildPhase;
			buildActionMask = 2147483647;
			files = (
			);
			runOnlyForDeploymentPostprocessing = 0;
		};
		E99E258C2D4A28A000C4D5C6 /* Resources */ = {
			isa = PBXResourcesBuildPhase;
			buildActionMask = 2147483647;
			files = (
			);
			runOnlyForDeploymentPostprocessing = 0;
		};
		E99E25962D4A28A000C4D5C6 /* Resources */ = {
			isa = PBXResourcesBuildPhase;
			buildActionMask = 2147483647;
			files = (
			);
			runOnlyForDeploymentPostprocessing = 0;
		};
/* End PBXResourcesBuildPhase section */

/* Begin PBXSourcesBuildPhase section */
		E99E25712D4A289F00C4D5C6 /* Sources */ = {
			isa = PBXSourcesBuildPhase;
			buildActionMask = 2147483647;
			files = (
			);
			runOnlyForDeploymentPostprocessing = 0;
		};
		E99E258A2D4A28A000C4D5C6 /* Sources */ = {
			isa = PBXSourcesBuildPhase;
			buildActionMask = 2147483647;
			files = (
			);
			runOnlyForDeploymentPostprocessing = 0;
		};
		E99E25942D4A28A000C4D5C6 /* Sources */ = {
			isa = PBXSourcesBuildPhase;
			buildActionMask = 2147483647;
			files = (
			);
			runOnlyForDeploymentPostprocessing = 0;
		};
/* End PBXSourcesBuildPhase section */

/* Begin PBXTargetDependency section */
		E99E25902D4A28A000C4D5C6 /* PBXTargetDependency */ = {
			isa = PBXTargetDependency;
			target = E99E25742D4A289F00C4D5C6 /* TodoListForJobApplication */;
			targetProxy = E99E258F2D4A28A000C4D5C6 /* PBXContainerItemProxy */;
		};
		E99E259A2D4A28A000C4D5C6 /* PBXTargetDependency */ = {
			isa = PBXTargetDependency;
			target = E99E25742D4A289F00C4D5C6 /* TodoListForJobApplication */;
			targetProxy = E99E25992D4A28A000C4D5C6 /* PBXContainerItemProxy */;
		};
/* End PBXTargetDependency section */

/* Begin XCBuildConfiguration section */
		E99E25A22D4A28A000C4D5C6 /* Debug */ = {
			isa = XCBuildConfiguration;
			buildSettings = {
				ASSETCATALOG_COMPILER_APPICON_NAME = AppIcon;
				ASSETCATALOG_COMPILER_GLOBAL_ACCENT_COLOR_NAME = AccentColor;
				CODE_SIGN_STYLE = Automatic;
				CURRENT_PROJECT_VERSION = 1;
				DEVELOPMENT_TEAM = DB6K9AT64H;
				GENERATE_INFOPLIST_FILE = YES;
				INFOPLIST_FILE = TodoListForJobApplication/Info.plist;
				INFOPLIST_KEY_UIApplicationSupportsIndirectInputEvents = YES;
				INFOPLIST_KEY_UILaunchStoryboardName = LaunchScreen;
				INFOPLIST_KEY_UIMainStoryboardFile = Main;
				INFOPLIST_KEY_UISupportedInterfaceOrientations_iPad = "UIInterfaceOrientationPortrait UIInterfaceOrientationPortraitUpsideDown UIInterfaceOrientationLandscapeLeft UIInterfaceOrientationLandscapeRight";
				INFOPLIST_KEY_UISupportedInterfaceOrientations_iPhone = "UIInterfaceOrientationPortrait UIInterfaceOrientationLandscapeLeft UIInterfaceOrientationLandscapeRight";
				LD_RUNPATH_SEARCH_PATHS = (
					"$(inherited)",
					"@executable_path/Frameworks",
				);
				MARKETING_VERSION = 1.0;
				PRODUCT_BUNDLE_IDENTIFIER = Shirayo.TodoListForJobApplication;
				PRODUCT_NAME = "$(TARGET_NAME)";
				SWIFT_EMIT_LOC_STRINGS = YES;
				SWIFT_VERSION = 5.0;
				TARGETED_DEVICE_FAMILY = "1,2";
			};
			name = Debug;
		};
		E99E25A32D4A28A000C4D5C6 /* Release */ = {
			isa = XCBuildConfiguration;
			buildSettings = {
				ASSETCATALOG_COMPILER_APPICON_NAME = AppIcon;
				ASSETCATALOG_COMPILER_GLOBAL_ACCENT_COLOR_NAME = AccentColor;
				CODE_SIGN_STYLE = Automatic;
				CURRENT_PROJECT_VERSION = 1;
				DEVELOPMENT_TEAM = DB6K9AT64H;
				GENERATE_INFOPLIST_FILE = YES;
				INFOPLIST_FILE = TodoListForJobApplication/Info.plist;
				INFOPLIST_KEY_UIApplicationSupportsIndirectInputEvents = YES;
				INFOPLIST_KEY_UILaunchStoryboardName = LaunchScreen;
				INFOPLIST_KEY_UIMainStoryboardFile = Main;
				INFOPLIST_KEY_UISupportedInterfaceOrientations_iPad = "UIInterfaceOrientationPortrait UIInterfaceOrientationPortraitUpsideDown UIInterfaceOrientationLandscapeLeft UIInterfaceOrientationLandscapeRight";
				INFOPLIST_KEY_UISupportedInterfaceOrientations_iPhone = "UIInterfaceOrientationPortrait UIInterfaceOrientationLandscapeLeft UIInterfaceOrientationLandscapeRight";
				LD_RUNPATH_SEARCH_PATHS = (
					"$(inherited)",
					"@executable_path/Frameworks",
				);
				MARKETING_VERSION = 1.0;
				PRODUCT_BUNDLE_IDENTIFIER = Shirayo.TodoListForJobApplication;
				PRODUCT_NAME = "$(TARGET_NAME)";
				SWIFT_EMIT_LOC_STRINGS = YES;
				SWIFT_VERSION = 5.0;
				TARGETED_DEVICE_FAMILY = "1,2";
			};
			name = Release;
		};
		E99E25A42D4A28A000C4D5C6 /* Debug */ = {
			isa = XCBuildConfiguration;
			buildSettings = {
				ALWAYS_SEARCH_USER_PATHS = NO;
				ASSETCATALOG_COMPILER_GENERATE_SWIFT_ASSET_SYMBOL_EXTENSIONS = YES;
				CLANG_ANALYZER_NONNULL = YES;
				CLANG_ANALYZER_NUMBER_OBJECT_CONVERSION = YES_AGGRESSIVE;
				CLANG_CXX_LANGUAGE_STANDARD = "gnu++20";
				CLANG_ENABLE_MODULES = YES;
				CLANG_ENABLE_OBJC_ARC = YES;
				CLANG_ENABLE_OBJC_WEAK = YES;
				CLANG_WARN_BLOCK_CAPTURE_AUTORELEASING = YES;
				CLANG_WARN_BOOL_CONVERSION = YES;
				CLANG_WARN_COMMA = YES;
				CLANG_WARN_CONSTANT_CONVERSION = YES;
				CLANG_WARN_DEPRECATED_OBJC_IMPLEMENTATIONS = YES;
				CLANG_WARN_DIRECT_OBJC_ISA_USAGE = YES_ERROR;
				CLANG_WARN_DOCUMENTATION_COMMENTS = YES;
				CLANG_WARN_EMPTY_BODY = YES;
				CLANG_WARN_ENUM_CONVERSION = YES;
				CLANG_WARN_INFINITE_RECURSION = YES;
				CLANG_WARN_INT_CONVERSION = YES;
				CLANG_WARN_NON_LITERAL_NULL_CONVERSION = YES;
				CLANG_WARN_OBJC_IMPLICIT_RETAIN_SELF = YES;
				CLANG_WARN_OBJC_LITERAL_CONVERSION = YES;
				CLANG_WARN_OBJC_ROOT_CLASS = YES_ERROR;
				CLANG_WARN_QUOTED_INCLUDE_IN_FRAMEWORK_HEADER = YES;
				CLANG_WARN_RANGE_LOOP_ANALYSIS = YES;
				CLANG_WARN_STRICT_PROTOTYPES = YES;
				CLANG_WARN_SUSPICIOUS_MOVE = YES;
				CLANG_WARN_UNGUARDED_AVAILABILITY = YES_AGGRESSIVE;
				CLANG_WARN_UNREACHABLE_CODE = YES;
				CLANG_WARN__DUPLICATE_METHOD_MATCH = YES;
				COPY_PHASE_STRIP = NO;
				DEBUG_INFORMATION_FORMAT = dwarf;
				ENABLE_STRICT_OBJC_MSGSEND = YES;
				ENABLE_TESTABILITY = YES;
				ENABLE_USER_SCRIPT_SANDBOXING = YES;
				GCC_C_LANGUAGE_STANDARD = gnu17;
				GCC_DYNAMIC_NO_PIC = NO;
				GCC_NO_COMMON_BLOCKS = YES;
				GCC_OPTIMIZATION_LEVEL = 0;
				GCC_PREPROCESSOR_DEFINITIONS = (
					"DEBUG=1",
					"$(inherited)",
				);
				GCC_WARN_64_TO_32_BIT_CONVERSION = YES;
				GCC_WARN_ABOUT_RETURN_TYPE = YES_ERROR;
				GCC_WARN_UNDECLARED_SELECTOR = YES;
				GCC_WARN_UNINITIALIZED_AUTOS = YES_AGGRESSIVE;
				GCC_WARN_UNUSED_FUNCTION = YES;
				GCC_WARN_UNUSED_VARIABLE = YES;
				IPHONEOS_DEPLOYMENT_TARGET = 18.2;
				LOCALIZATION_PREFERS_STRING_CATALOGS = YES;
				MTL_ENABLE_DEBUG_INFO = INCLUDE_SOURCE;
				MTL_FAST_MATH = YES;
				ONLY_ACTIVE_ARCH = YES;
				SDKROOT = iphoneos;
				SWIFT_ACTIVE_COMPILATION_CONDITIONS = "DEBUG $(inherited)";
				SWIFT_OPTIMIZATION_LEVEL = "-Onone";
			};
			name = Debug;
		};
		E99E25A52D4A28A000C4D5C6 /* Release */ = {
			isa = XCBuildConfiguration;
			buildSettings = {
				ALWAYS_SEARCH_USER_PATHS = NO;
				ASSETCATALOG_COMPILER_GENERATE_SWIFT_ASSET_SYMBOL_EXTENSIONS = YES;
				CLANG_ANALYZER_NONNULL = YES;
				CLANG_ANALYZER_NUMBER_OBJECT_CONVERSION = YES_AGGRESSIVE;
				CLANG_CXX_LANGUAGE_STANDARD = "gnu++20";
				CLANG_ENABLE_MODULES = YES;
				CLANG_ENABLE_OBJC_ARC = YES;
				CLANG_ENABLE_OBJC_WEAK = YES;
				CLANG_WARN_BLOCK_CAPTURE_AUTORELEASING = YES;
				CLANG_WARN_BOOL_CONVERSION = YES;
				CLANG_WARN_COMMA = YES;
				CLANG_WARN_CONSTANT_CONVERSION = YES;
				CLANG_WARN_DEPRECATED_OBJC_IMPLEMENTATIONS = YES;
				CLANG_WARN_DIRECT_OBJC_ISA_USAGE = YES_ERROR;
				CLANG_WARN_DOCUMENTATION_COMMENTS = YES;
				CLANG_WARN_EMPTY_BODY = YES;
				CLANG_WARN_ENUM_CONVERSION = YES;
				CLANG_WARN_INFINITE_RECURSION = YES;
				CLANG_WARN_INT_CONVERSION = YES;
				CLANG_WARN_NON_LITERAL_NULL_CONVERSION = YES;
				CLANG_WARN_OBJC_IMPLICIT_RETAIN_SELF = YES;
				CLANG_WARN_OBJC_LITERAL_CONVERSION = YES;
				CLANG_WARN_OBJC_ROOT_CLASS = YES_ERROR;
				CLANG_WARN_QUOTED_INCLUDE_IN_FRAMEWORK_HEADER = YES;
				CLANG_WARN_RANGE_LOOP_ANALYSIS = YES;
				CLANG_WARN_STRICT_PROTOTYPES = YES;
				CLANG_WARN_SUSPICIOUS_MOVE = YES;
				CLANG_WARN_UNGUARDED_AVAILABILITY = YES_AGGRESSIVE;
				CLANG_WARN_UNREACHABLE_CODE = YES;
				CLANG_WARN__DUPLICATE_METHOD_MATCH = YES;
				COPY_PHASE_STRIP = NO;
				DEBUG_INFORMATION_FORMAT = "dwarf-with-dsym";
				ENABLE_NS_ASSERTIONS = NO;
				ENABLE_STRICT_OBJC_MSGSEND = YES;
				ENABLE_USER_SCRIPT_SANDBOXING = YES;
				GCC_C_LANGUAGE_STANDARD = gnu17;
				GCC_NO_COMMON_BLOCKS = YES;
				GCC_WARN_64_TO_32_BIT_CONVERSION = YES;
				GCC_WARN_ABOUT_RETURN_TYPE = YES_ERROR;
				GCC_WARN_UNDECLARED_SELECTOR = YES;
				GCC_WARN_UNINITIALIZED_AUTOS = YES_AGGRESSIVE;
				GCC_WARN_UNUSED_FUNCTION = YES;
				GCC_WARN_UNUSED_VARIABLE = YES;
				IPHONEOS_DEPLOYMENT_TARGET = 18.2;
				LOCALIZATION_PREFERS_STRING_CATALOGS = YES;
				MTL_ENABLE_DEBUG_INFO = NO;
				MTL_FAST_MATH = YES;
				SDKROOT = iphoneos;
				SWIFT_COMPILATION_MODE = wholemodule;
				VALIDATE_PRODUCT = YES;
			};
			name = Release;
		};
		E99E25A72D4A28A000C4D5C6 /* Debug */ = {
			isa = XCBuildConfiguration;
			buildSettings = {
				BUNDLE_LOADER = "$(TEST_HOST)";
				CODE_SIGN_STYLE = Automatic;
				CURRENT_PROJECT_VERSION = 1;
				DEVELOPMENT_TEAM = DB6K9AT64H;
				GENERATE_INFOPLIST_FILE = YES;
				IPHONEOS_DEPLOYMENT_TARGET = 18.2;
				MARKETING_VERSION = 1.0;
				PRODUCT_BUNDLE_IDENTIFIER = Shirayo.TodoListForJobApplicationTests;
				PRODUCT_NAME = "$(TARGET_NAME)";
				SWIFT_EMIT_LOC_STRINGS = NO;
				SWIFT_VERSION = 5.0;
				TARGETED_DEVICE_FAMILY = "1,2";
				TEST_HOST = "$(BUILT_PRODUCTS_DIR)/TodoListForJobApplication.app/$(BUNDLE_EXECUTABLE_FOLDER_PATH)/TodoListForJobApplication";
			};
			name = Debug;
		};
		E99E25A82D4A28A000C4D5C6 /* Release */ = {
			isa = XCBuildConfiguration;
			buildSettings = {
				BUNDLE_LOADER = "$(TEST_HOST)";
				CODE_SIGN_STYLE = Automatic;
				CURRENT_PROJECT_VERSION = 1;
				DEVELOPMENT_TEAM = DB6K9AT64H;
				GENERATE_INFOPLIST_FILE = YES;
				IPHONEOS_DEPLOYMENT_TARGET = 18.2;
				MARKETING_VERSION = 1.0;
				PRODUCT_BUNDLE_IDENTIFIER = Shirayo.TodoListForJobApplicationTests;
				PRODUCT_NAME = "$(TARGET_NAME)";
				SWIFT_EMIT_LOC_STRINGS = NO;
				SWIFT_VERSION = 5.0;
				TARGETED_DEVICE_FAMILY = "1,2";
				TEST_HOST = "$(BUILT_PRODUCTS_DIR)/TodoListForJobApplication.app/$(BUNDLE_EXECUTABLE_FOLDER_PATH)/TodoListForJobApplication";
			};
			name = Release;
		};
		E99E25AA2D4A28A000C4D5C6 /* Debug */ = {
			isa = XCBuildConfiguration;
			buildSettings = {
				CODE_SIGN_STYLE = Automatic;
				CURRENT_PROJECT_VERSION = 1;
				DEVELOPMENT_TEAM = DB6K9AT64H;
				GENERATE_INFOPLIST_FILE = YES;
				MARKETING_VERSION = 1.0;
				PRODUCT_BUNDLE_IDENTIFIER = Shirayo.TodoListForJobApplicationUITests;
				PRODUCT_NAME = "$(TARGET_NAME)";
				SWIFT_EMIT_LOC_STRINGS = NO;
				SWIFT_VERSION = 5.0;
				TARGETED_DEVICE_FAMILY = "1,2";
				TEST_TARGET_NAME = TodoListForJobApplication;
			};
			name = Debug;
		};
		E99E25AB2D4A28A000C4D5C6 /* Release */ = {
			isa = XCBuildConfiguration;
			buildSettings = {
				CODE_SIGN_STYLE = Automatic;
				CURRENT_PROJECT_VERSION = 1;
				DEVELOPMENT_TEAM = DB6K9AT64H;
				GENERATE_INFOPLIST_FILE = YES;
				MARKETING_VERSION = 1.0;
				PRODUCT_BUNDLE_IDENTIFIER = Shirayo.TodoListForJobApplicationUITests;
				PRODUCT_NAME = "$(TARGET_NAME)";
				SWIFT_EMIT_LOC_STRINGS = NO;
				SWIFT_VERSION = 5.0;
				TARGETED_DEVICE_FAMILY = "1,2";
				TEST_TARGET_NAME = TodoListForJobApplication;
			};
			name = Release;
		};
/* End XCBuildConfiguration section */

/* Begin XCConfigurationList section */
		E99E25702D4A289F00C4D5C6 /* Build configuration list for PBXProject "TodoListForJobApplication" */ = {
			isa = XCConfigurationList;
			buildConfigurations = (
				E99E25A42D4A28A000C4D5C6 /* Debug */,
				E99E25A52D4A28A000C4D5C6 /* Release */,
			);
			defaultConfigurationIsVisible = 0;
			defaultConfigurationName = Release;
		};
		E99E25A12D4A28A000C4D5C6 /* Build configuration list for PBXNativeTarget "TodoListForJobApplication" */ = {
			isa = XCConfigurationList;
			buildConfigurations = (
				E99E25A22D4A28A000C4D5C6 /* Debug */,
				E99E25A32D4A28A000C4D5C6 /* Release */,
			);
			defaultConfigurationIsVisible = 0;
			defaultConfigurationName = Release;
		};
		E99E25A62D4A28A000C4D5C6 /* Build configuration list for PBXNativeTarget "TodoListForJobApplicationTests" */ = {
			isa = XCConfigurationList;
			buildConfigurations = (
				E99E25A72D4A28A000C4D5C6 /* Debug */,
				E99E25A82D4A28A000C4D5C6 /* Release */,
			);
			defaultConfigurationIsVisible = 0;
			defaultConfigurationName = Release;
		};
		E99E25A92D4A28A000C4D5C6 /* Build configuration list for PBXNativeTarget "TodoListForJobApplicationUITests" */ = {
			isa = XCConfigurationList;
			buildConfigurations = (
				E99E25AA2D4A28A000C4D5C6 /* Debug */,
				E99E25AB2D4A28A000C4D5C6 /* Release */,
			);
			defaultConfigurationIsVisible = 0;
			defaultConfigurationName = Release;
		};
/* End XCConfigurationList section */
	};
	rootObject = E99E256D2D4A289F00C4D5C6 /* Project object */;
}
